schema: '2.0'
stages:
  stage_name:
    cmd: python src/stage_01_get_data.py  --config=configs/config.yaml
    deps:
    - path: configs/config.yaml
      md5: 19b0102200f8dddc34256d245d316309
      size: 2076
    - path: src/stage_01_get_data.py
      md5: d89ede5bc1f6e33d5f00fa9cc84a3124
      size: 1794
    - path: src/utils/common.py
      md5: d162961d817182441383bdb0e674e685
      size: 675
    outs:
    - path: data/data.xml
      md5: a304afb96060aad90176268345e10355
      size: 37891850
  get_data:
    cmd: python src/stage_01_get_data.py  --config=configs/config.yaml
    deps:
    - path: configs/config.yaml
      md5: f67411d318934b1cccf22c72c7db8bac
      size: 2082
    - path: src/stage_01_get_data.py
      md5: e13a50fe1bfba61c49d2645c7c0eb9d4
      size: 1791
    - path: src/utils/common.py
      md5: 4d03bd1c0e365dc5ba6f10ea320de74e
      size: 1021
    outs:
    - path: data/data.xml
      md5: a304afb96060aad90176268345e10355
      size: 37891850
  prepare_data:
    cmd: python src/stage_02_prepare.py  --config=configs/config.yaml --params=params.yaml
    deps:
    - path: configs/config.yaml
      md5: f67411d318934b1cccf22c72c7db8bac
      size: 2082
    - path: data/data.xml
      md5: a304afb96060aad90176268345e10355
      size: 37891850
    - path: src/stage_02_prepare.py
      md5: 6cd1f408088a7673f157ff5545394908
      size: 2263
    - path: src/utils/common.py
      md5: 4d03bd1c0e365dc5ba6f10ea320de74e
      size: 1021
    - path: src/utils/data_mgmt.py
      md5: e750b0d472c6ff542c7bfadb3683c9c2
      size: 866
    params:
      params.yaml:
        prepare.seed: 2022
        prepare.split: 0.2
    outs:
    - path: artifacts/prepared/test.tsv
      md5: de02240ce7dafb9d9b3f3883e1c99c20
      size: 4804851
    - path: artifacts/prepared/train.tsv
      md5: 324d6510bbbd18f0656e493c03087d64
      size: 19081468
  featurize:
    cmd: python src/stage_03_featurization.py  --config=configs/config.yaml --params=params.yaml
    deps:
    - path: artifacts/prepared/test.tsv
      md5: de02240ce7dafb9d9b3f3883e1c99c20
      size: 4804851
    - path: artifacts/prepared/train.tsv
      md5: 324d6510bbbd18f0656e493c03087d64
      size: 19081468
    - path: configs/config.yaml
      md5: f67411d318934b1cccf22c72c7db8bac
      size: 2082
    - path: src/stage_03_featurization.py
      md5: 4ed6027cadf973e9dc420e328b824486
      size: 3423
    - path: src/utils/common.py
      md5: 4d03bd1c0e365dc5ba6f10ea320de74e
      size: 1021
    - path: src/utils/featurize.py
      md5: 86d76741549df31ee659be22f7e89658
      size: 508
    params:
      params.yaml:
        featurize.max_features: 2500
        featurize.ngrams: 3
    outs:
    - path: artifacts/features/test.pkl
      md5: 08254b11e431a2ff0a78d34943a9349d
      size: 2580779
    - path: artifacts/features/train.pkl
      md5: abc70ea80a420af331b1b19459d722af
      size: 10304563
  train:
    cmd: python src/stage_04_train.py  --config=configs/config.yaml --params=params.yaml
    deps:
    - path: artifacts/features/train.pkl
      md5: abc70ea80a420af331b1b19459d722af
      size: 10304563
    - path: configs/config.yaml
      md5: f67411d318934b1cccf22c72c7db8bac
      size: 2082
    - path: src/stage_04_train.py
      md5: 907f84813a0054fba6a360951aaf23a7
      size: 2410
    - path: src/utils/common.py
      md5: 4d03bd1c0e365dc5ba6f10ea320de74e
      size: 1021
    params:
      params.yaml:
        train.min_split: 32
        train.n_est: 120
        train.seed: 2022
    outs:
    - path: artifacts/model/model.pkl
      md5: 01119412e430ac32488add62e30f1ea6
      size: 3564160
  evaluate:
    cmd: python src/stage_05_evaluate.py --config=configs/config.yaml
    deps:
    - path: artifacts/features/test.pkl
      md5: 08254b11e431a2ff0a78d34943a9349d
      size: 2580779
    - path: artifacts/model/model.pkl
      md5: 01119412e430ac32488add62e30f1ea6
      size: 3564160
    - path: configs/config.yaml
      md5: f67411d318934b1cccf22c72c7db8bac
      size: 2082
    - path: src/stage_05_evaluate.py
      md5: b33ccea0b52342afdb9176aae7f79598
      size: 3188
    - path: src/utils/common.py
      md5: 4d03bd1c0e365dc5ba6f10ea320de74e
      size: 1021
    outs:
    - path: prc.json
      md5: a4db61040fce12d3d7e1f5fd70316a37
      size: 149946
    - path: roc.json
      md5: ecece78d22f48ec87ef17dbd977a154a
      size: 58215
    - path: scores.json
      md5: 60671934c561e204cff3040ac0410568
      size: 75
