schema: '2.0'
stages:
  stage_name:
    cmd: python src/stage_01_get_data.py  --config=configs/config.yaml
    deps:
    - path: configs/config.yaml
      md5: 19b0102200f8dddc34256d245d316309
      size: 2076
    - path: src/stage_01_get_data.py
      md5: d89ede5bc1f6e33d5f00fa9cc84a3124
      size: 1794
    - path: src/utils/common.py
      md5: d162961d817182441383bdb0e674e685
      size: 675
    outs:
    - path: data/data.xml
      md5: a304afb96060aad90176268345e10355
      size: 37891850
  get_data:
    cmd: python src/stage_01_get_data.py  --config=configs/config.yaml
    deps:
    - path: configs/config.yaml
      md5: 3e071c148875427989d1171d4ad01078
      size: 2003
    - path: src/stage_01_get_data.py
      md5: e13a50fe1bfba61c49d2645c7c0eb9d4
      size: 1791
    - path: src/utils/common.py
      md5: 4d03bd1c0e365dc5ba6f10ea320de74e
      size: 1021
    outs:
    - path: data/data.xml
      md5: a304afb96060aad90176268345e10355
      size: 37891850
  prepare_data:
    cmd: python src/stage_02_prepare.py  --config=configs/config.yaml --params=params.yaml
    deps:
    - path: configs/config.yaml
      md5: 3e071c148875427989d1171d4ad01078
      size: 2003
    - path: data/data.xml
      md5: a304afb96060aad90176268345e10355
      size: 37891850
    - path: src/stage_02_prepare.py
      md5: 6cd1f408088a7673f157ff5545394908
      size: 2263
    - path: src/utils/common.py
      md5: 4d03bd1c0e365dc5ba6f10ea320de74e
      size: 1021
    - path: src/utils/data_mgmt.py
      md5: e750b0d472c6ff542c7bfadb3683c9c2
      size: 866
    params:
      params.yaml:
        prepare.seed: 2022
        prepare.split: 0.3
    outs:
    - path: artifacts/prepared/test.tsv
      md5: 044268ef7ce24243d9a89956f2dcd102
      size: 7211580
    - path: artifacts/prepared/train.tsv
      md5: 4f20b84b7b8680c234888fe91cca8b1f
      size: 16674739
  featurize:
    cmd: python src/stage_03_featurization.py  --config=configs/config.yaml --params=params.yaml
    deps:
    - path: artifacts/prepared/test.tsv
      md5: 044268ef7ce24243d9a89956f2dcd102
      size: 7211580
    - path: artifacts/prepared/train.tsv
      md5: 4f20b84b7b8680c234888fe91cca8b1f
      size: 16674739
    - path: configs/config.yaml
      md5: 3e071c148875427989d1171d4ad01078
      size: 2003
    - path: src/stage_03_featurization.py
      md5: 4ed6027cadf973e9dc420e328b824486
      size: 3423
    - path: src/utils/common.py
      md5: 4d03bd1c0e365dc5ba6f10ea320de74e
      size: 1021
    - path: src/utils/featurize.py
      md5: 86d76741549df31ee659be22f7e89658
      size: 508
    params:
      params.yaml:
        featurize.max_features: 3000
        featurize.ngrams: 2
    outs:
    - path: artifacts/features/test.pkl
      md5: 1718c5f5ebf8fa02e346a2f5a35fee5b
      size: 3845995
    - path: artifacts/features/train.pkl
      md5: 1057b8b602887f6cf6889cef5aefd24f
      size: 8870627
